
Microsoft Visual Studio Solution File, Format Version 12.00
# Visual Studio Version 17
VisualStudioVersion = 17.2.32317.152
MinimumVisualStudioVersion = 10.0.40219.1
Project("{FAE04EC0-301F-11D3-BF4B-00C04F79EFBC}") = "Nepremicnine.netNotify", "Nepremicnine.netNotify\Nepremicnine.netNotify.csproj", "{5FAE80C6-FF1C-4448-AB66-315D468BF7AD}"
EndProject
Global
	GlobalSection(SolutionConfigurationPlatforms) = preSolution
		Debug|Any CPU = Debug|Any CPU
		Release|Any CPU = Release|Any CPU
	EndGlobalSection
	GlobalSection(ProjectConfigurationPlatforms) = postSolution
		{5FAE80C6-FF1C-4448-AB66-315D468BF7AD}.Debug|Any CPU.ActiveCfg = Debug|Any CPU
		{5FAE80C6-FF1C-4448-AB66-315D468BF7AD}.Debug|Any CPU.Build.0 = Debug|Any CPU
		{5FAE80C6-FF1C-4448-AB66-315D468BF7AD}.Release|Any CPU.ActiveCfg = Release|Any CPU
		{5FAE80C6-FF1C-4448-AB66-315D468BF7AD}.Release|Any CPU.Build.0 = Release|Any CPU
	EndGlobalSection
	GlobalSection(SolutionProperties) = preSolution
		HideSolutionNode = FALSE
	EndGlobalSection
	GlobalSection(ExtensibilityGlobals) = postSolution
		SolutionGuid = {A787CC03-AA1C-4F00-960D-628DADD2C19E}
	EndGlobalSection
EndGlobal
